github.com/andrew-d/go-termutil v0.0.0-20150726205930-009166a695a2 h1:axBiC50cNZOs7ygH5BgQp4N+aYrZ2DNpWZ1KG3VOSOM=
github.com/andrew-d/go-termutil v0.0.0-20150726205930-009166a695a2/go.mod h1:jnzFpU88PccN/tPPhCpnNU8mZphvKxYM9lLNkd8e+os=
github.com/docopt/docopt-go v0.0.0-20180111231733-ee0de3bc6815 h1:bWDMxwH3px2JBh6AyO7hdCn/PkvCZXii8TGj7sbtEbQ=
github.com/docopt/docopt-go v0.0.0-20180111231733-ee0de3bc6815/go.mod h1:WwZ+bS3ebgob9U8Nd0kOddGdZWjyMGR8Wziv+TBNwSE=
github.com/google/pprof v0.0.0-20181206194817-3ea8567a2e57 h1:eqyIo2HjKhKe/mJzTG8n4VqvLXIOEG+SLdDqX7xGtkY=
github.com/google/pprof v0.0.0-20181206194817-3ea8567a2e57/go.mod h1:zfwlbNMJ+OItoe0UupaVj+oy1omPYYDuagoSzA8v9mc=
github.com/ianlancetaylor/demangle v0.0.0-20181102032728-5e5cf60278f6 h1:UDMh68UUwekSh5iP2OMhRRZJiiBccgV7axzUG8vi56c=
github.com/ianlancetaylor/demangle v0.0.0-20181102032728-5e5cf60278f6/go.mod h1:aSSvb/t6k1mPoxDqO4vJh6VOCGPwU4O0C2/Eqndh1Sc=
golang.org/x/arch v0.0.0-20181203225421-5a4828bb7045 h1:Pn8fQdvx+z1avAi7fdM2kRYWQNxGlavNDSyzrQg2SsU=
golang.org/x/arch v0.0.0-20181203225421-5a4828bb7045/go.mod h1:cYlCBUl1MsqxdiKgmc4uh7TxZfWSFLOGSRR090WDxt8=
golang.org/x/crypto v0.0.0-20181203042331-505ab145d0a9 h1:mKdxBk7AujPs8kU4m80U72y/zjbZ3UcXC7dClwKbUI0=
golang.org/x/crypto v0.0.0-20181203042331-505ab145d0a9/go.mod h1:6SG95UA2DQfeDnfUPMdvaQW0Q7yPrPDi9nlGo2tz2b4=
golang.org/x/sys v0.0.0-20181221143128-b4a75ba826a6 h1:IcgEB62HYgAhX0Nd/QrVgZlxlcyxbGQHElLUhW2X4Fo=
golang.org/x/sys v0.0.0-20181221143128-b4a75ba826a6/go.mod h1:STP8DvDyc/dI5b8T5hshtkjS+E42TnysNCUPdjciGhY=
gopkg.in/ini.v1 v1.40.0 h1:JOoHKRa3vZxx47SL6sOY0gj0hfmA24l+BkQ4CftFizc=
gopkg.in/ini.v1 v1.40.0/go.mod h1:pNLf8WUiyNEtQjuu5G5vTm06TEv9tsIgeAvK8hOrP4k=
